
Microsoft Visual Studio Solution File, Format Version 12.00
# Visual Studio Version 16
VisualStudioVersion = 16.0.32126.315
MinimumVisualStudioVersion = 10.0.40219.1
Project("{FAE04EC0-301F-11D3-BF4B-00C04F79EFBC}") = "RazorPages", "RazorPages\RazorPages.csproj", "{C8F50A23-62DC-4542-B0B0-A44209050A22}"
EndProject
Global
	GlobalSection(SolutionConfigurationPlatforms) = preSolution
		Debug|Any CPU = Debug|Any CPU
		Release|Any CPU = Release|Any CPU
	EndGlobalSection
	GlobalSection(ProjectConfigurationPlatforms) = postSolution
		{C8F50A23-62DC-4542-B0B0-A44209050A22}.Debug|Any CPU.ActiveCfg = Debug|Any CPU
		{C8F50A23-62DC-4542-B0B0-A44209050A22}.Debug|Any CPU.Build.0 = Debug|Any CPU
		{C8F50A23-62DC-4542-B0B0-A44209050A22}.Release|Any CPU.ActiveCfg = Release|Any CPU
		{C8F50A23-62DC-4542-B0B0-A44209050A22}.Release|Any CPU.Build.0 = Release|Any CPU
	EndGlobalSection
	GlobalSection(SolutionProperties) = preSolution
		HideSolutionNode = FALSE
	EndGlobalSection
	GlobalSection(ExtensibilityGlobals) = postSolution
		SolutionGuid = {437B5F0F-4B32-45F4-A5D4-9E88DD778B62}
	EndGlobalSection
EndGlobal
