
Microsoft Visual Studio Solution File, Format Version 12.00
# Visual Studio Version 17
VisualStudioVersion = 17.0.32014.148
MinimumVisualStudioVersion = 10.0.40219.1
Project("{FAE04EC0-301F-11D3-BF4B-00C04F79EFBC}") = "01MvcCikis", "01MvcCikis\01MvcCikis.csproj", "{5ABCAC43-EE54-433D-B4FB-B7D2AFFC042A}"
EndProject
Global
	GlobalSection(SolutionConfigurationPlatforms) = preSolution
		Debug|Any CPU = Debug|Any CPU
		Release|Any CPU = Release|Any CPU
	EndGlobalSection
	GlobalSection(ProjectConfigurationPlatforms) = postSolution
		{5ABCAC43-EE54-433D-B4FB-B7D2AFFC042A}.Debug|Any CPU.ActiveCfg = Debug|Any CPU
		{5ABCAC43-EE54-433D-B4FB-B7D2AFFC042A}.Debug|Any CPU.Build.0 = Debug|Any CPU
		{5ABCAC43-EE54-433D-B4FB-B7D2AFFC042A}.Release|Any CPU.ActiveCfg = Release|Any CPU
		{5ABCAC43-EE54-433D-B4FB-B7D2AFFC042A}.Release|Any CPU.Build.0 = Release|Any CPU
	EndGlobalSection
	GlobalSection(SolutionProperties) = preSolution
		HideSolutionNode = FALSE
	EndGlobalSection
	GlobalSection(ExtensibilityGlobals) = postSolution
		SolutionGuid = {7F8F9259-72F3-4B16-8D3D-316E9471FC19}
	EndGlobalSection
EndGlobal
