
Microsoft Visual Studio Solution File, Format Version 12.00
# Visual Studio Version 17
VisualStudioVersion = 17.0.32014.148
MinimumVisualStudioVersion = 10.0.40219.1
Project("{FAE04EC0-301F-11D3-BF4B-00C04F79EFBC}") = "DurumYonetimi", "DurumYonetimi\DurumYonetimi.csproj", "{458CA365-C9B9-4953-8BBF-1522E03EE2EB}"
EndProject
Global
	GlobalSection(SolutionConfigurationPlatforms) = preSolution
		Debug|Any CPU = Debug|Any CPU
		Release|Any CPU = Release|Any CPU
	EndGlobalSection
	GlobalSection(ProjectConfigurationPlatforms) = postSolution
		{458CA365-C9B9-4953-8BBF-1522E03EE2EB}.Debug|Any CPU.ActiveCfg = Debug|Any CPU
		{458CA365-C9B9-4953-8BBF-1522E03EE2EB}.Debug|Any CPU.Build.0 = Debug|Any CPU
		{458CA365-C9B9-4953-8BBF-1522E03EE2EB}.Release|Any CPU.ActiveCfg = Release|Any CPU
		{458CA365-C9B9-4953-8BBF-1522E03EE2EB}.Release|Any CPU.Build.0 = Release|Any CPU
	EndGlobalSection
	GlobalSection(SolutionProperties) = preSolution
		HideSolutionNode = FALSE
	EndGlobalSection
	GlobalSection(ExtensibilityGlobals) = postSolution
		SolutionGuid = {5810E793-B5FE-4765-B6C3-ADF7120D2FB9}
	EndGlobalSection
EndGlobal
